// !$*UTF8*$!
{
	archiveVersion = 1;
	classes = {
	};
	objectVersion = 77;
	objects = {

/* Begin PBXBuildFile section */
		8691B4ED2F85868700E8A771 /* RxSwift in Frameworks */ = {isa = PBXBuildFile; productRef = 8691B4EC2F85868700E8A771 /* RxSwift */; };
		8691B4F02F8586C800E8A771 /* Alamofire in Frameworks */ = {isa = PBXBuildFile; productRef = 8691B4EF2F8586C800E8A771 /* Alamofire */; };
		86FD343F2F7BDDAF005B4FC1 /* SnapKit in Frameworks */ = {isa = PBXBuildFile; productRef = 86FD343E2F7BDDAF005B4FC1 /* SnapKit */; };
		86FD34462F7BE057005B4FC1 /* Moya in Frameworks */ = {isa = PBXBuildFile; productRef = 86FD34452F7BE057005B4FC1 /* Moya */; };
		86FD34492F7BE5AB005B4FC1 /* Kingfisher in Frameworks */ = {isa = PBXBuildFile; productRef = 86FD34482F7BE5AB005B4FC1 /* Kingfisher */; };
/* End PBXBuildFile section */

/* Begin PBXFileReference section */
		86FD34082F7BD630005B4FC1 /* Swaply.app */ = {isa = PBXFileReference; explicitFileType = wrapper.application; includeInIndex = 0; path = Swaply.app; sourceTree = BUILT_PRODUCTS_DIR; };
/* End PBXFileReference section */

/* Begin PBXFileSystemSynchronizedBuildFileExceptionSet section */
		86FD341A2F7BD630005B4FC1 /* Exceptions for "Swaply" folder in "Swaply" target */ = {
			isa = PBXFileSystemSynchronizedBuildFileExceptionSet;
			membershipExceptions = (
				Info.plist,
			);
			target = 86FD34072F7BD62F005B4FC1 /* Swaply */;
		};
/* End PBXFileSystemSynchronizedBuildFileExceptionSet section */

/* Begin PBXFileSystemSynchronizedRootGroup section */
		86FD340A2F7BD630005B4FC1 /* Swaply */ = {
			isa = PBXFileSystemSynchronizedRootGroup;
			exceptions = (
				86FD341A2F7BD630005B4FC1 /* Exceptions for "Swaply" folder in "Swaply" target */,
			);
			path = Swaply;
			sourceTree = "<group>";
		};
/* End PBXFileSystemSynchronizedRootGroup section */

/* Begin PBXFrameworksBuildPhase section */
		86FD34052F7BD62F005B4FC1 /* Frameworks */ = {
			isa = PBXFrameworksBuildPhase;
			buildActionMask = 2147483647;
			files = (
				86FD343F2F7BDDAF005B4FC1 /* SnapKit in Frameworks */,
				8691B4ED2F85868700E8A771 /* RxSwift in Frameworks */,
				8691B4F02F8586C800E8A771 /* Alamofire in Frameworks */,
				86FD34462F7BE057005B4FC1 /* Moya in Frameworks */,
				86FD34492F7BE5AB005B4FC1 /* Kingfisher in Frameworks */,
			);
			runOnlyForDeploymentPostprocessing = 0;
		};
/* End PBXFrameworksBuildPhase section */

/* Begin PBXGroup section */
		862E995D2F8581CC00BC33CD /* Frameworks */ = {
			isa = PBXGroup;
			children = (
			);
			name = Frameworks;
			sourceTree = "<group>";
		};
		86FD33FF2F7BD62F005B4FC1 = {
			isa = PBXGroup;
			children = (
				86FD340A2F7BD630005B4FC1 /* Swaply */,
				862E995D2F8581CC00BC33CD /* Frameworks */,
				86FD34092F7BD630005B4FC1 /* Products */,
			);
			sourceTree = "<group>";
		};
		86FD34092F7BD630005B4FC1 /* Products */ = {
			isa = PBXGroup;
			children = (
				86FD34082F7BD630005B4FC1 /* Swaply.app */,
			);
			name = Products;
			sourceTree = "<group>";
		};
/* End PBXGroup section */

/* Begin PBXNativeTarget section */
		86FD34072F7BD62F005B4FC1 /* Swaply */ = {
			isa = PBXNativeTarget;
			buildConfigurationList = 86FD341B2F7BD630005B4FC1 /* Build configuration list for PBXNativeTarget "Swaply" */;
			buildPhases = (
				86FD34042F7BD62F005B4FC1 /* Sources */,
				86FD34052F7BD62F005B4FC1 /* Frameworks */,
				86FD34062F7BD62F005B4FC1 /* Resources */,
			);
			buildRules = (
			);
			dependencies = (
				86E8B9F32F7FBFE90072F87B /* PBXTargetDependency */,
			);
			fileSystemSynchronizedGroups = (
				86FD340A2F7BD630005B4FC1 /* Swaply */,
			);
			name = Swaply;
			packageProductDependencies = (
				86FD343E2F7BDDAF005B4FC1 /* SnapKit */,
				86FD34452F7BE057005B4FC1 /* Moya */,
				86FD34482F7BE5AB005B4FC1 /* Kingfisher */,
				8691B4EC2F85868700E8A771 /* RxSwift */,
				8691B4EF2F8586C800E8A771 /* Alamofire */,
			);
			productName = Swaply;
			productReference = 86FD34082F7BD630005B4FC1 /* Swaply.app */;
			productType = "com.apple.product-type.application";
		};
/* End PBXNativeTarget section */

/* Begin PBXProject section */
		86FD34002F7BD62F005B4FC1 /* Project object */ = {
			isa = PBXProject;
			attributes = {
				BuildIndependentTargetsInParallel = 1;
				LastSwiftUpdateCheck = 1640;
				LastUpgradeCheck = 1640;
				TargetAttributes = {
					86FD34072F7BD62F005B4FC1 = {
						CreatedOnToolsVersion = 16.4;
					};
				};
			};
			buildConfigurationList = 86FD34032F7BD62F005B4FC1 /* Build configuration list for PBXProject "Swaply" */;
			developmentRegion = en;
			hasScannedForEncodings = 0;
			knownRegions = (
				en,
				Base,
			);
			mainGroup = 86FD33FF2F7BD62F005B4FC1;
			minimizedProjectReferenceProxies = 1;
			packageReferences = (
				86FD343D2F7BDDAF005B4FC1 /* XCRemoteSwiftPackageReference "snapkit" */,
				86FD34422F7BE057005B4FC1 /* XCRemoteSwiftPackageReference "Moya" */,
				86FD34472F7BE5AB005B4FC1 /* XCRemoteSwiftPackageReference "Kingfisher" */,
				8689AEBC2F7F0FF500950D1B /* XCRemoteSwiftPackageReference "SwiftLintPlugins" */,
				8691B4E92F85866200E8A771 /* XCRemoteSwiftPackageReference "rxswift" */,
				8691B4EE2F8586C800E8A771 /* XCRemoteSwiftPackageReference "Alamofire" */,
			);
			preferredProjectObjectVersion = 77;
			productRefGroup = 86FD34092F7BD630005B4FC1 /* Products */;
			projectDirPath = "";
			projectRoot = "";
			targets = (
				86FD34072F7BD62F005B4FC1 /* Swaply */,
			);
		};
/* End PBXProject section */

/* Begin PBXResourcesBuildPhase section */
		86FD34062F7BD62F005B4FC1 /* Resources */ = {
			isa = PBXResourcesBuildPhase;
			buildActionMask = 2147483647;
			files = (
			);
			runOnlyForDeploymentPostprocessing = 0;
		};
/* End PBXResourcesBuildPhase section */

/* Begin PBXSourcesBuildPhase section */
		86FD34042F7BD62F005B4FC1 /* Sources */ = {
			isa = PBXSourcesBuildPhase;
			buildActionMask = 2147483647;
			files = (
			);
			runOnlyForDeploymentPostprocessing = 0;
		};
/* End PBXSourcesBuildPhase section */

/* Begin PBXTargetDependency section */
		86E8B9F32F7FBFE90072F87B /* PBXTargetDependency */ = {
			isa = PBXTargetDependency;
			productRef = 86E8B9F22F7FBFE90072F87B /* SwiftLintBuildToolPlugin */;
		};
/* End PBXTargetDependency section */

/* Begin XCBuildConfiguration section */
		86FD341C2F7BD630005B4FC1 /* Debug */ = {
			isa = XCBuildConfiguration;
			buildSettings = {
				ASSETCATALOG_COMPILER_APPICON_NAME = AppIcon;
				ASSETCATALOG_COMPILER_GLOBAL_ACCENT_COLOR_NAME = AccentColor;
				CODE_SIGN_STYLE = Automatic;
				CURRENT_PROJECT_VERSION = 1;
				DEVELOPMENT_TEAM = TV5Y3F772E;
				GENERATE_INFOPLIST_FILE = YES;
				INFOPLIST_FILE = Swaply/Info.plist;
				INFOPLIST_KEY_UIApplicationSupportsIndirectInputEvents = YES;
				INFOPLIST_KEY_UILaunchStoryboardName = LaunchScreen;
				INFOPLIST_KEY_UISupportedInterfaceOrientations = UIInterfaceOrientationPortrait;
				INFOPLIST_KEY_UISupportedInterfaceOrientations_iPad = UIInterfaceOrientationPortrait;
				IPHONEOS_DEPLOYMENT_TARGET = 16.0;
				LD_RUNPATH_SEARCH_PATHS = (
					"$(inherited)",
					"@executable_path/Frameworks",
				);
				MARKETING_VERSION = 1.0;
				PRODUCT_BUNDLE_IDENTIFIER = "yandex-masterskaya.Swaply";
				PRODUCT_NAME = "$(TARGET_NAME)";
				SUPPORTED_PLATFORMS = "iphoneos iphonesimulator";
				SUPPORTS_MACCATALYST = NO;
				SUPPORTS_MAC_DESIGNED_FOR_IPHONE_IPAD = NO;
				SUPPORTS_XR_DESIGNED_FOR_IPHONE_IPAD = NO;
				SWIFT_EMIT_LOC_STRINGS = YES;
				SWIFT_VERSION = 5.0;
				TARGETED_DEVICE_FAMILY = 1;
			};
			name = Debug;
		};
		86FD341D2F7BD630005B4FC1 /* Release */ = {
			isa = XCBuildConfiguration;
			buildSettings = {
				ASSETCATALOG_COMPILER_APPICON_NAME = AppIcon;
				ASSETCATALOG_COMPILER_GLOBAL_ACCENT_COLOR_NAME = AccentColor;
				CODE_SIGN_STYLE = Automatic;
				CURRENT_PROJECT_VERSION = 1;
				DEVELOPMENT_TEAM = TV5Y3F772E;
				GENERATE_INFOPLIST_FILE = YES;
				INFOPLIST_FILE = Swaply/Info.plist;
				INFOPLIST_KEY_UIApplicationSupportsIndirectInputEvents = YES;
				INFOPLIST_KEY_UILaunchStoryboardName = LaunchScreen;
				INFOPLIST_KEY_UISupportedInterfaceOrientations = UIInterfaceOrientationPortrait;
				INFOPLIST_KEY_UISupportedInterfaceOrientations_iPad = UIInterfaceOrientationPortrait;
				IPHONEOS_DEPLOYMENT_TARGET = 16.0;
				LD_RUNPATH_SEARCH_PATHS = (
					"$(inherited)",
					"@executable_path/Frameworks",
				);
				MARKETING_VERSION = 1.0;
				PRODUCT_BUNDLE_IDENTIFIER = "yandex-masterskaya.Swaply";
				PRODUCT_NAME = "$(TARGET_NAME)";
				SUPPORTED_PLATFORMS = "iphoneos iphonesimulator";
				SUPPORTS_MACCATALYST = NO;
				SUPPORTS_MAC_DESIGNED_FOR_IPHONE_IPAD = NO;
				SUPPORTS_XR_DESIGNED_FOR_IPHONE_IPAD = NO;
				SWIFT_EMIT_LOC_STRINGS = YES;
				SWIFT_VERSION = 5.0;
				TARGETED_DEVICE_FAMILY = 1;
			};
			name = Release;
		};
		86FD341E2F7BD630005B4FC1 /* Debug */ = {
			isa = XCBuildConfiguration;
			buildSettings = {
				ALWAYS_SEARCH_USER_PATHS = NO;
				ASSETCATALOG_COMPILER_GENERATE_SWIFT_ASSET_SYMBOL_EXTENSIONS = YES;
				CLANG_ANALYZER_NONNULL = YES;
				CLANG_ANALYZER_NUMBER_OBJECT_CONVERSION = YES_AGGRESSIVE;
				CLANG_CXX_LANGUAGE_STANDARD = "gnu++20";
				CLANG_ENABLE_MODULES = YES;
				CLANG_ENABLE_OBJC_ARC = YES;
				CLANG_ENABLE_OBJC_WEAK = YES;
				CLANG_WARN_BLOCK_CAPTURE_AUTORELEASING = YES;
				CLANG_WARN_BOOL_CONVERSION = YES;
				CLANG_WARN_COMMA = YES;
				CLANG_WARN_CONSTANT_CONVERSION = YES;
				CLANG_WARN_DEPRECATED_OBJC_IMPLEMENTATIONS = YES;
				CLANG_WARN_DIRECT_OBJC_ISA_USAGE = YES_ERROR;
				CLANG_WARN_DOCUMENTATION_COMMENTS = YES;
				CLANG_WARN_EMPTY_BODY = YES;
				CLANG_WARN_ENUM_CONVERSION = YES;
				CLANG_WARN_INFINITE_RECURSION = YES;
				CLANG_WARN_INT_CONVERSION = YES;
				CLANG_WARN_NON_LITERAL_NULL_CONVERSION = YES;
				CLANG_WARN_OBJC_IMPLICIT_RETAIN_SELF = YES;
				CLANG_WARN_OBJC_LITERAL_CONVERSION = YES;
				CLANG_WARN_OBJC_ROOT_CLASS = YES_ERROR;
				CLANG_WARN_QUOTED_INCLUDE_IN_FRAMEWORK_HEADER = YES;
				CLANG_WARN_RANGE_LOOP_ANALYSIS = YES;
				CLANG_WARN_STRICT_PROTOTYPES = YES;
				CLANG_WARN_SUSPICIOUS_MOVE = YES;
				CLANG_WARN_UNGUARDED_AVAILABILITY = YES_AGGRESSIVE;
				CLANG_WARN_UNREACHABLE_CODE = YES;
				CLANG_WARN__DUPLICATE_METHOD_MATCH = YES;
				COPY_PHASE_STRIP = NO;
				DEBUG_INFORMATION_FORMAT = dwarf;
				ENABLE_STRICT_OBJC_MSGSEND = YES;
				ENABLE_TESTABILITY = YES;
				ENABLE_USER_SCRIPT_SANDBOXING = YES;
				GCC_C_LANGUAGE_STANDARD = gnu17;
				GCC_DYNAMIC_NO_PIC = NO;
				GCC_NO_COMMON_BLOCKS = YES;
				GCC_OPTIMIZATION_LEVEL = 0;
				GCC_PREPROCESSOR_DEFINITIONS = (
					"DEBUG=1",
					"$(inherited)",
				);
				GCC_WARN_64_TO_32_BIT_CONVERSION = YES;
				GCC_WARN_ABOUT_RETURN_TYPE = YES_ERROR;
				GCC_WARN_UNDECLARED_SELECTOR = YES;
				GCC_WARN_UNINITIALIZED_AUTOS = YES_AGGRESSIVE;
				GCC_WARN_UNUSED_FUNCTION = YES;
				GCC_WARN_UNUSED_VARIABLE = YES;
				IPHONEOS_DEPLOYMENT_TARGET = 16.6;
				LOCALIZATION_PREFERS_STRING_CATALOGS = YES;
				MTL_ENABLE_DEBUG_INFO = INCLUDE_SOURCE;
				MTL_FAST_MATH = YES;
				ONLY_ACTIVE_ARCH = YES;
				SDKROOT = iphoneos;
				SWIFT_ACTIVE_COMPILATION_CONDITIONS = "DEBUG $(inherited)";
				SWIFT_OPTIMIZATION_LEVEL = "-Onone";
			};
			name = Debug;
		};
		86FD341F2F7BD630005B4FC1 /* Release */ = {
			isa = XCBuildConfiguration;
			buildSettings = {
				ALWAYS_SEARCH_USER_PATHS = NO;
				ASSETCATALOG_COMPILER_GENERATE_SWIFT_ASSET_SYMBOL_EXTENSIONS = YES;
				CLANG_ANALYZER_NONNULL = YES;
				CLANG_ANALYZER_NUMBER_OBJECT_CONVERSION = YES_AGGRESSIVE;
				CLANG_CXX_LANGUAGE_STANDARD = "gnu++20";
				CLANG_ENABLE_MODULES = YES;
				CLANG_ENABLE_OBJC_ARC = YES;
				CLANG_ENABLE_OBJC_WEAK = YES;
				CLANG_WARN_BLOCK_CAPTURE_AUTORELEASING = YES;
				CLANG_WARN_BOOL_CONVERSION = YES;
				CLANG_WARN_COMMA = YES;
				CLANG_WARN_CONSTANT_CONVERSION = YES;
				CLANG_WARN_DEPRECATED_OBJC_IMPLEMENTATIONS = YES;
				CLANG_WARN_DIRECT_OBJC_ISA_USAGE = YES_ERROR;
				CLANG_WARN_DOCUMENTATION_COMMENTS = YES;
				CLANG_WARN_EMPTY_BODY = YES;
				CLANG_WARN_ENUM_CONVERSION = YES;
				CLANG_WARN_INFINITE_RECURSION = YES;
				CLANG_WARN_INT_CONVERSION = YES;
				CLANG_WARN_NON_LITERAL_NULL_CONVERSION = YES;
				CLANG_WARN_OBJC_IMPLICIT_RETAIN_SELF = YES;
				CLANG_WARN_OBJC_LITERAL_CONVERSION = YES;
				CLANG_WARN_OBJC_ROOT_CLASS = YES_ERROR;
				CLANG_WARN_QUOTED_INCLUDE_IN_FRAMEWORK_HEADER = YES;
				CLANG_WARN_RANGE_LOOP_ANALYSIS = YES;
				CLANG_WARN_STRICT_PROTOTYPES = YES;
				CLANG_WARN_SUSPICIOUS_MOVE = YES;
				CLANG_WARN_UNGUARDED_AVAILABILITY = YES_AGGRESSIVE;
				CLANG_WARN_UNREACHABLE_CODE = YES;
				CLANG_WARN__DUPLICATE_METHOD_MATCH = YES;
				COPY_PHASE_STRIP = NO;
				DEBUG_INFORMATION_FORMAT = "dwarf-with-dsym";
				ENABLE_NS_ASSERTIONS = NO;
				ENABLE_STRICT_OBJC_MSGSEND = YES;
				ENABLE_USER_SCRIPT_SANDBOXING = YES;
				GCC_C_LANGUAGE_STANDARD = gnu17;
				GCC_NO_COMMON_BLOCKS = YES;
				GCC_WARN_64_TO_32_BIT_CONVERSION = YES;
				GCC_WARN_ABOUT_RETURN_TYPE = YES_ERROR;
				GCC_WARN_UNDECLARED_SELECTOR = YES;
				GCC_WARN_UNINITIALIZED_AUTOS = YES_AGGRESSIVE;
				GCC_WARN_UNUSED_FUNCTION = YES;
				GCC_WARN_UNUSED_VARIABLE = YES;
				IPHONEOS_DEPLOYMENT_TARGET = 16.6;
				LOCALIZATION_PREFERS_STRING_CATALOGS = YES;
				MTL_ENABLE_DEBUG_INFO = NO;
				MTL_FAST_MATH = YES;
				SDKROOT = iphoneos;
				SWIFT_COMPILATION_MODE = wholemodule;
				VALIDATE_PRODUCT = YES;
			};
			name = Release;
		};
/* End XCBuildConfiguration section */

/* Begin XCConfigurationList section */
		86FD34032F7BD62F005B4FC1 /* Build configuration list for PBXProject "Swaply" */ = {
			isa = XCConfigurationList;
			buildConfigurations = (
				86FD341E2F7BD630005B4FC1 /* Debug */,
				86FD341F2F7BD630005B4FC1 /* Release */,
			);
			defaultConfigurationIsVisible = 0;
			defaultConfigurationName = Release;
		};
		86FD341B2F7BD630005B4FC1 /* Build configuration list for PBXNativeTarget "Swaply" */ = {
			isa = XCConfigurationList;
			buildConfigurations = (
				86FD341C2F7BD630005B4FC1 /* Debug */,
				86FD341D2F7BD630005B4FC1 /* Release */,
			);
			defaultConfigurationIsVisible = 0;
			defaultConfigurationName = Release;
		};
/* End XCConfigurationList section */

/* Begin XCRemoteSwiftPackageReference section */
		8689AEBC2F7F0FF500950D1B /* XCRemoteSwiftPackageReference "SwiftLintPlugins" */ = {
			isa = XCRemoteSwiftPackageReference;
			repositoryURL = "https://github.com/SimplyDanny/SwiftLintPlugins";
			requirement = {
				kind = exactVersion;
				version = 0.63.2;
			};
		};
		8691B4E92F85866200E8A771 /* XCRemoteSwiftPackageReference "rxswift" */ = {
			isa = XCRemoteSwiftPackageReference;
			repositoryURL = "https://github.com/reactivex/rxswift";
			requirement = {
				kind = exactVersion;
				version = 6.10.2;
			};
		};
		8691B4EE2F8586C800E8A771 /* XCRemoteSwiftPackageReference "Alamofire" */ = {
			isa = XCRemoteSwiftPackageReference;
			repositoryURL = "https://github.com/Alamofire/Alamofire.git";
			requirement = {
				kind = upToNextMajorVersion;
				minimumVersion = 5.11.2;
			};
		};
		86FD343D2F7BDDAF005B4FC1 /* XCRemoteSwiftPackageReference "snapkit" */ = {
			isa = XCRemoteSwiftPackageReference;
			repositoryURL = "https://github.com/snapkit/snapkit";
			requirement = {
				kind = exactVersion;
				version = 5.7.1;
			};
		};
		86FD34422F7BE057005B4FC1 /* XCRemoteSwiftPackageReference "Moya" */ = {
			isa = XCRemoteSwiftPackageReference;
			repositoryURL = "https://github.com/Moya/Moya.git";
			requirement = {
				kind = exactVersion;
				version = 15.0.3;
			};
		};
		86FD34472F7BE5AB005B4FC1 /* XCRemoteSwiftPackageReference "Kingfisher" */ = {
			isa = XCRemoteSwiftPackageReference;
			repositoryURL = "https://github.com/onevcat/Kingfisher.git";
			requirement = {
				kind = exactVersion;
				version = 8.8.0;
			};
		};
/* End XCRemoteSwiftPackageReference section */

/* Begin XCSwiftPackageProductDependency section */
		8691B4EC2F85868700E8A771 /* RxSwift */ = {
			isa = XCSwiftPackageProductDependency;
			package = 8691B4E92F85866200E8A771 /* XCRemoteSwiftPackageReference "rxswift" */;
			productName = RxSwift;
		};
		8691B4EF2F8586C800E8A771 /* Alamofire */ = {
			isa = XCSwiftPackageProductDependency;
			package = 8691B4EE2F8586C800E8A771 /* XCRemoteSwiftPackageReference "Alamofire" */;
			productName = Alamofire;
		};
		86E8B9F22F7FBFE90072F87B /* SwiftLintBuildToolPlugin */ = {
			isa = XCSwiftPackageProductDependency;
			package = 8689AEBC2F7F0FF500950D1B /* XCRemoteSwiftPackageReference "SwiftLintPlugins" */;
			productName = "plugin:SwiftLintBuildToolPlugin";
		};
		86FD343E2F7BDDAF005B4FC1 /* SnapKit */ = {
			isa = XCSwiftPackageProductDependency;
			package = 86FD343D2F7BDDAF005B4FC1 /* XCRemoteSwiftPackageReference "snapkit" */;
			productName = SnapKit;
		};
		86FD34452F7BE057005B4FC1 /* Moya */ = {
			isa = XCSwiftPackageProductDependency;
			package = 86FD34422F7BE057005B4FC1 /* XCRemoteSwiftPackageReference "Moya" */;
			productName = Moya;
		};
		86FD34482F7BE5AB005B4FC1 /* Kingfisher */ = {
			isa = XCSwiftPackageProductDependency;
			package = 86FD34472F7BE5AB005B4FC1 /* XCRemoteSwiftPackageReference "Kingfisher" */;
			productName = Kingfisher;
		};
/* End XCSwiftPackageProductDependency section */
	};
	rootObject = 86FD34002F7BD62F005B4FC1 /* Project object */;
}
